
Microsoft Visual Studio Solution File, Format Version 12.00
Project("{FAE04EC0-301F-11D3-BF4B-00C04F79EFBC}") = "source", "source.csproj", "{AAAB7253-BF9D-47CE-98B9-466AED107645}"
EndProject
Global
	GlobalSection(SolutionConfigurationPlatforms) = preSolution
		Debug|Any CPU = Debug|Any CPU
		Release|Any CPU = Release|Any CPU
	EndGlobalSection
	GlobalSection(ProjectConfigurationPlatforms) = postSolution
		{AAAB7253-BF9D-47CE-98B9-466AED107645}.Debug|Any CPU.ActiveCfg = Debug|Any CPU
		{AAAB7253-BF9D-47CE-98B9-466AED107645}.Debug|Any CPU.Build.0 = Debug|Any CPU
		{AAAB7253-BF9D-47CE-98B9-466AED107645}.Release|Any CPU.ActiveCfg = Release|Any CPU
		{AAAB7253-BF9D-47CE-98B9-466AED107645}.Release|Any CPU.Build.0 = Release|Any CPU
	EndGlobalSection
EndGlobal
